version = 1
revision = 3
requires-python = "==3.13.*"

[[package]]
name = "annotated-types"
version = "0.8.0"
source = { registry = "https://pypi.org/simple" }
sdist = { url = "https://files.pythonhosted.org/packages/5f/56/a8120250d128bed162cd73c76d45f6ef9991f3e068f62a8ee060afa3104a/annotated_types-0.8.0.tar.gz", hash = "sha256:13b2beaad985e05e2d6407ee4c4f35590b11f8d693a258a561055cac8f64cab7", size = 15893, upload-time = "2026-07-23T20:16:13.995Z" }
wheels = [
    { url = "https://files.pythonhosted.org/packages/99/91/8acff4f5e50511b911bbccb72b8628a49c68ce14148cd9f6431094859a90/annotated_types-0.8.0-py3-none-any.whl", hash = "sha256:f072f4d804ea359e4eaf198b1af7a8b0943881a87f31bb764f8bf219bb9419e0", size = 13427, upload-time = "2026-07-23T20:16:12.938Z" },
]

[[package]]
name = "anyio"
version = "4.15.1"
source = { registry = "https://pypi.org/simple" }
dependencies = [
    { name = "idna" },
    { name = "typing-extensions" },
]
sdist = { url = "https://files.pythonhosted.org/packages/a9/d2/f4d173e22df740bc37b1db102b386ba719b66e95b0f0d751f556b387e6d2/anyio-4.15.1.tar.gz", hash = "sha256:9f28306018cbd6d329e64a36d58256edff76dd996fe423bc957326e578b82a94", size = 276966, upload-time = "2026-09-05T10:42:39.44Z" }
wheels = [
    { url = "https://files.pythonhosted.org/packages/12/b8/4bd346e22b28902df4d651910f5242c28d84e4a5c2435ca5c3f797ed7e2e/anyio-4.15.1-py3-none-any.whl", hash = "sha256:6152fdbbf9a77fdec97731721bebf7c4c44f7c29b424b0065826173efc7ed101", size = 132079, upload-time = "2026-09-05T10:42:37.923Z" },
]

[[package]]
name = "c2ops-jev-runtime"
version = "0.1.0"
source = { virtual = "." }
dependencies = [
    { name = "typesafe-sdk" },
]

[package.metadata]
requires-dist = [{ name = "typesafe-sdk", specifier = "==0.7.4" }]

[[package]]
name = "h11"
version = "0.16.0"
source = { registry = "https://pypi.org/simple" }
sdist = { url = "https://files.pythonhosted.org/packages/01/ee/02a2c011bdab74c6fb3c75474d40b3052059d95df7e73351460c8588d963/h11-0.16.0.tar.gz", hash = "sha256:4e35b956cf45792e4caa5885e69fba00bdbc6ffafbfa020300e549b208ee5ff1", size = 101250, upload-time = "2025-04-24T03:35:25.427Z" }
wheels = [
    { url = "https://files.pythonhosted.org/packages/04/4b/29cac41a4d98d144bf5f6d33995617b185d14b22401f75ca86f384e87ff1/h11-0.16.0-py3-none-any.whl", hash = "sha256:63cf8bbe7522de3bf65932fda1d9c2772064ffb3dae62d55932da54b31cb6c86", size = 37515, upload-time = "2025-04-24T03:35:24.344Z" },
]

[[package]]
name = "httpcore2"
version = "2.13.1"
source = { registry = "https://pypi.org/simple" }
dependencies = [
    { name = "h11" },
    { name = "truststore" },
]
sdist = { url = "https://files.pythonhosted.org/packages/cb/f3/1db7aa2bc2524062192bb0e0323969492d1883152a232fe36eea65f4e35c/httpcore2-2.13.1.tar.gz", hash = "sha256:e0aa977abe17e69a3b820a24542a6fa88702676d83880b8d194dcd18408e5103", size = 68071, upload-time = "2026-09-23T07:47:22.372Z" }
wheels = [
    { url = "https://files.pythonhosted.org/packages/09/ba/a4568248771ce81957bfb7cc600264a40fbcda092391ee1c415c50be4bea/httpcore2-2.13.1-py3-none-any.whl", hash = "sha256:e1e05d4f25f7d7d496bfb96748f6f4b67657b03da069b3a68c36069f3db73d0a", size = 83423, upload-time = "2026-09-23T07:47:19.365Z" },
]

[[package]]
name = "httpx2"
version = "2.13.1"
source = { registry = "https://pypi.org/simple" }
dependencies = [
    { name = "anyio", marker = "sys_platform != 'emscripten'" },
    { name = "httpcore2", marker = "sys_platform != 'emscripten'" },
    { name = "httpx2-jsfetch", marker = "sys_platform == 'emscripten'" },
    { name = "idna" },
    { name = "truststore", marker = "sys_platform != 'emscripten'" },
]
sdist = { url = "https://files.pythonhosted.org/packages/d5/44/474bef2a0e9d90f1715d32cb98b0738695ca17ba324095fb2497ed7fbd59/httpx2-2.13.1.tar.gz", hash = "sha256:e48744a19e3af5ee48313d0ce5fe941d5422fae5705ea922a4aabf94d7800dfa", size = 100405, upload-time = "2026-09-23T07:47:23.052Z" }
wheels = [
    { url = "https://files.pythonhosted.org/packages/d8/9c/6fe8931fd9f381042a9e4c7d5a7b4cbf7016b252bec0c99a49fce42c3326/httpx2-2.13.1-py3-none-any.whl", hash = "sha256:6dff50fabc270ee5fd25d845d0b078ed20564579744d6d962850975996d2f9a4", size = 95597, upload-time = "2026-09-23T07:47:20.995Z" },
]

[[package]]
name = "httpx2-jsfetch"
version = "1.0"
source = { registry = "https://pypi.org/simple" }
sdist = { url = "https://files.pythonhosted.org/packages/cd/c4/0e5636363151a2a1795e0a77617168b9ca438e1748ec05fc9b5687f93d64/httpx2_jsfetch-1.0.tar.gz", hash = "sha256:70a0e3eabfef7cce5ad9c629f7d01ca05e418f586646f4ddf14782e4c1454c60", size = 6872, upload-time = "2026-08-07T00:13:07.492Z" }
wheels = [
    { url = "https://files.pythonhosted.org/packages/9b/43/832f631d32e4f1211caa2ba368317739fe71f0b8530e4c9d15dc454bac2a/httpx2_jsfetch-1.0-py3-none-any.whl", hash = "sha256:cb916b707601e69a07721aabc8f3f6659be3a6893bc1ff5c6f9e02241df2da32", size = 6382, upload-time = "2026-08-07T00:13:06.567Z" },
]

[[package]]
name = "idna"
version = "3.20"
source = { registry = "https://pypi.org/simple" }
sdist = { url = "https://files.pythonhosted.org/packages/f5/08/8eea9d4b8302028f3abb2c0813953f7aec26d33b7a8960ed760e65ff29fa/idna-3.20.tar.gz", hash = "sha256:a7db850025b95ded1eae8a46181a1a6c56c92c96f0e2b005d9ff8dc0210cab44", size = 216463, upload-time = "2026-09-17T14:11:04.752Z" }
wheels = [
    { url = "https://files.pythonhosted.org/packages/58/a2/bb081bab032533a855d44de1d56f8e8426114ff1ba5d1f07a438a0a654f8/idna-3.20-py3-none-any.whl", hash = "sha256:ab7ae7122974553370f0bdb919e1a960b2cd1bc1ef0276416d896db81c14582c", size = 69583, upload-time = "2026-09-17T14:11:03.168Z" },
]

[[package]]
name = "packaging"
version = "26.3"
source = { registry = "https://pypi.org/simple" }
sdist = { url = "https://files.pythonhosted.org/packages/7d/fa/3944b40b07da9ce895c0e6303a5ab7d53da063554f534556b134a54d6093/packaging-26.3.tar.gz", hash = "sha256:94edc256424af38762eb31306eed28beb9f0efc50a8837492c9d6fd6004aed79", size = 313412, upload-time = "2026-08-04T18:15:28.737Z" }
wheels = [
    { url = "https://files.pythonhosted.org/packages/63/34/ba1c580383c9eada3711951fef0795c80b829a078d72188184bcab9dd527/packaging-26.3-py3-none-any.whl", hash = "sha256:d7193f7c8e4e93f444fde0262bf90af30e16fa0ad0ad44cb553c87339b23cd1c", size = 129956, upload-time = "2026-08-04T18:15:27.159Z" },
]

[[package]]
name = "pydantic"
version = "2.14.0"
source = { registry = "https://pypi.org/simple" }
dependencies = [
    { name = "annotated-types" },
    { name = "pydantic-core" },
    { name = "typing-extensions" },
    { name = "typing-inspection" },
]
sdist = { url = "https://files.pythonhosted.org/packages/6b/fb/6e44b63b26efea1cec48c26d8362313310202ef5ed6e7a52f1669e64e2cd/pydantic-2.14.0.tar.gz", hash = "sha256:8a51a7aaddd60f55566d1f07bdd87b92b463903f39a8f26b71a06314cd1548ae", size = 898613, upload-time = "2026-10-08T14:34:48.341Z" }
wheels = [
    { url = "https://files.pythonhosted.org/packages/2d/eb/9146591cc819d040475bf7f2be786710c7f7eb8083693bf859728da2ca9c/pydantic-2.14.0-py3-none-any.whl", hash = "sha256:15fab1bea6f1dc5003b54fc2ecab230c1fd1dbade2acd4addc52d81e32416d4b", size = 487109, upload-time = "2026-10-08T14:34:46.864Z" },
]

[[package]]
name = "pydantic-core"
version = "2.50.0"
source = { registry = "https://pypi.org/simple" }
dependencies = [
    { name = "typing-extensions" },
]
sdist = { url = "https://files.pythonhosted.org/packages/e6/6d/196e8c819e0e934f35a1a33b3530396feadb0af4ca38fe9f995249e55794/pydantic_core-2.50.0.tar.gz", hash = "sha256:84d2d38f7d163c4dec292f379e9de1960c661795442aca6c90d706436cb3749e", size = 513355, upload-time = "2026-10-08T14:30:58.245Z" }
wheels = [
    { url = "https://files.pythonhosted.org/packages/81/25/f9a6958f73d92f66d620e3e1b091becf6b7a2ea89437118d397e2c6ca9ba/pydantic_core-2.50.0-cp313-cp313-macosx_10_12_x86_64.whl", hash = "sha256:049b0404792dcb942f1092bfdae5f819ef30445b0d174782e1909fbdd91bb48b", size = 2222904, upload-time = "2026-10-08T14:27:07.869Z" },
    { url = "https://files.pythonhosted.org/packages/c5/41/7f299b2ecf0ddbec8c2a68057ed53d29458ea5b0850615570849c454dd89/pydantic_core-2.50.0-cp313-cp313-macosx_11_0_arm64.whl", hash = "sha256:8f16bc5bb12f4c581b0f40facc28dbf286db32d1bf4e7e4f4c4e0f7f4e34ecf9", size = 2024863, upload-time = "2026-10-08T14:27:09.78Z" },
    { url = "https://files.pythonhosted.org/packages/89/db/a9852fa8780acca5dd81a21bb66d4b2fb41c39dc5672cec66c32cc7f13e9/pydantic_core-2.50.0-cp313-cp313-manylinux_2_17_aarch64.manylinux2014_aarch64.whl", hash = "sha256:d1d084e92d0f4a096a5155b23d1ac603db8073ef98a3d1384badf1455e5ae742", size = 2047340, upload-time = "2026-10-08T14:27:11.85Z" },
    { url = "https://files.pythonhosted.org/packages/90/82/cd174e776e71ebcb1d289a57cb3e89565123a84c5708865e12efa82313f9/pydantic_core-2.50.0-cp313-cp313-manylinux_2_17_armv7l.manylinux2014_armv7l.whl", hash = "sha256:f0af2d2f745ec00a6616c4dfba4477f9156ccfb45690f6ffa5fd34f42e871ed4", size = 2173461, upload-time = "2026-10-08T14:27:13.948Z" },
    { url = "https://files.pythonhosted.org/packages/5a/5c/9c4b2aea09ec7b7af966e79631b1970f1adeb6a8ed001bc8bb64a2d1c23d/pydantic_core-2.50.0-cp313-cp313-manylinux_2_17_ppc64le.manylinux2014_ppc64le.whl", hash = "sha256:2f28a5a299d4cefd1066a6883d22600b9ae3606f881c3015d255784634647580", size = 2362629, upload-time = "2026-10-08T14:27:15.909Z" },
    { url = "https://files.pythonhosted.org/packages/28/d9/93afd007b61c50425c3c8f0402425779341c8d498bd224e5788eaf419c4c/pydantic_core-2.50.0-cp313-cp313-manylinux_2_17_s390x.manylinux2014_s390x.whl", hash = "sha256:bdd70c2d9e73bca09fad54605dfeaae2b4e770b2800c65f5f5342901ed567b9f", size = 2440134, upload-time = "2026-10-08T14:27:17.716Z" },
    { url = "https://files.pythonhosted.org/packages/c9/93/a4ef199535547aaa7c5d2cbf009a1d6a2b252885b14c6e70404e1c661716/pydantic_core-2.50.0-cp313-cp313-manylinux_2_17_x86_64.manylinux2014_x86_64.whl", hash = "sha256:e58acd43ac8d3905659c1d5309318dd576243e723dd7c3b5dd4f555479b77d4b", size = 2158480, upload-time = "2026-10-08T14:27:19.618Z" },
    { url = "https://files.pythonhosted.org/packages/de/20/f216e028d3bfbd9f8c67f7a2f0f8db04240926f630e2e66a5a8ac45fe00d/pydantic_core-2.50.0-cp313-cp313-manylinux_2_31_riscv64.whl", hash = "sha256:5a07c644047f5abc268b4c39f8cb5a30e08a3c349228cb70142c7d3ed87587c0", size = 2231837, upload-time = "2026-10-08T14:27:21.742Z" },
    { url = "https://files.pythonhosted.org/packages/56/3f/57a6acf26e0acb82238ba4e25b35cbd6013b1d74eac99c4f358ff56bf6d6/pydantic_core-2.50.0-cp313-cp313-manylinux_2_5_i686.manylinux1_i686.whl", hash = "sha256:8ad8dad549cd1645be591a50b4573995ee7e018f6619ddc2bc6ea44b2ad9f694", size = 2242240, upload-time = "2026-10-08T14:27:23.564Z" },
    { url = "https://files.pythonhosted.org/packages/94/41/f5f4014b40f91db4479e87dc038ac48a460a60baadea7ff9c942bc64dc62/pydantic_core-2.50.0-cp313-cp313-musllinux_1_1_aarch64.whl", hash = "sha256:1773001198030e16f946a7ff7760fc3ebd45b12150f66fd0f433780043dc13d8", size = 2277852, upload-time = "2026-10-08T14:27:25.517Z" },
    { url = "https://files.pythonhosted.org/packages/f8/fa/485e4db093e10f29676fc696abf9d88f3626ee520e99cc488fb091222db9/pydantic_core-2.50.0-cp313-cp313-musllinux_1_1_armv7l.whl", hash = "sha256:8ab9e74878172948e0426e3d27fba333fd6a1c3f9456d8e75643e8e6868ac1a1", size = 2450132, upload-time = "2026-10-08T14:27:27.493Z" },
    { url = "https://files.pythonhosted.org/packages/d3/48/fd07063cfc65e498528cea59b27b979eb5c890a54dcf5bb19ab0a589516d/pydantic_core-2.50.0-cp313-cp313-musllinux_1_1_x86_64.whl", hash = "sha256:e15bb1535f68a27f28e579ba3a8f74e7b05d350c45f5622b76a311d5a19ae48a", size = 2477011, upload-time = "2026-10-08T14:27:29.972Z" },
    { url = "https://files.pythonhosted.org/packages/fa/96/6f34c285dc87ed2fae5f1b53c51bb732eda21dc0c6c73d6a5d9dcc7033cd/pydantic_core-2.50.0-cp313-cp313-win32.whl", hash = "sha256:c21e6a6e4e6d32fb6acbc4f0fa69e8319cac0d65eeaa8298d757371cc2a9c687", size = 2102027, upload-time = "2026-10-08T14:27:32.497Z" },
    { url = "https://files.pythonhosted.org/packages/5e/50/dbdb3ba6699d494e59db2f145aeb97990e28d1503bc9f7bdd57eb4c15677/pydantic_core-2.50.0-cp313-cp313-win_amd64.whl", hash = "sha256:4f96ccd9368ecbf6685d8f6981584ab72b4f0ffd20685e747737e7e340277b8d", size = 2169974, upload-time = "2026-10-08T14:27:34.692Z" },
    { url = "https://files.pythonhosted.org/packages/7d/ae/cfe0e52a9b45b5ba12b3a839db928669543948760a059a72f13cf0346c29/pydantic_core-2.50.0-cp313-cp313-win_arm64.whl", hash = "sha256:a2b88f9f9fa52e1c34938ff1a18ee7fbffe482df0bb43c087a9a60578d273d68", size = 2162504, upload-time = "2026-10-08T14:27:36.989Z" },
]

[[package]]
name = "tenacity"
version = "9.2.1"
source = { registry = "https://pypi.org/simple" }
sdist = { url = "https://files.pythonhosted.org/packages/82/9e/497c1c8ebe5a5b5d1d4a7511aea22c0bb1a97e3170d98abdef0e1b34265a/tenacity-9.2.1.tar.gz", hash = "sha256:a606b5c808d0cded4a359d5b9932d867ff2a6a6b64d37350260fd01bbdf83839", size = 58261, upload-time = "2026-10-07T12:13:01.633Z" }
wheels = [
    { url = "https://files.pythonhosted.org/packages/d6/26/1ff2b0721ac66a3ec5b1402b333110b352ab0a8724052ac279a7b82d40c4/tenacity-9.2.1-py3-none-any.whl", hash = "sha256:9e56f17539296baab7beabb08b92f6ee3d7be92d8be72d763360677c2ad6580e", size = 32310, upload-time = "2026-10-07T12:13:00.102Z" },
]

[[package]]
name = "truststore"
version = "0.10.4"
source = { registry = "https://pypi.org/simple" }
sdist = { url = "https://files.pythonhosted.org/packages/53/a3/1585216310e344e8102c22482f6060c7a6ea0322b63e026372e6dcefcfd6/truststore-0.10.4.tar.gz", hash = "sha256:9d91bd436463ad5e4ee4aba766628dd6cd7010cf3e2461756b3303710eebc301", size = 26169, upload-time = "2025-08-12T18:49:02.73Z" }
wheels = [
    { url = "https://files.pythonhosted.org/packages/19/97/56608b2249fe206a67cd573bc93cd9896e1efb9e98bce9c163bcdc704b88/truststore-0.10.4-py3-none-any.whl", hash = "sha256:adaeaecf1cbb5f4de3b1959b42d41f6fab57b2b1666adb59e89cb0b53361d981", size = 18660, upload-time = "2025-08-12T18:49:01.46Z" },
]

[[package]]
name = "typesafe-sdk"
version = "0.7.4"
source = { registry = "https://pypi.org/simple" }
dependencies = [
    { name = "httpx2" },
    { name = "packaging" },
    { name = "pydantic" },
    { name = "pydantic-core" },
    { name = "tenacity" },
    { name = "truststore", marker = "sys_platform != 'emscripten'" },
    { name = "typing-extensions" },
]
sdist = { url = "https://files.pythonhosted.org/packages/94/12/3a897e9f424be6f4db0648a955f8fadbe62149d118a03614df897b5a2ec9/typesafe_sdk-0.7.4.tar.gz", hash = "sha256:a20dca217a746db1ac5534ac502de16e1f86a400b4ec09f8594e6221c2bc9558", size = 24388, upload-time = "2026-10-09T15:47:14.978Z" }
wheels = [
    { url = "https://files.pythonhosted.org/packages/a2/49/6cd65684e41e25069f4d12c09cd7e1e3f81477f06acb29bf0d1815e27d1e/typesafe_sdk-0.7.4-py3-none-any.whl", hash = "sha256:61cf3f2fe9da20b68c3d3fe2fb76bbb2f35f8c4a9a65a6b81c43a535d2a53210", size = 37700, upload-time = "2026-10-09T15:47:12.418Z" },
]

[[package]]
name = "typing-extensions"
version = "4.16.0"
source = { registry = "https://pypi.org/simple" }
sdist = { url = "https://files.pythonhosted.org/packages/f6/cc/6253133b5bb138fc3306cebfbda2c520f545d36b5be2c7255cc528bb45d6/typing_extensions-4.16.0.tar.gz", hash = "sha256:dc983d19a509c94dba722ee6abd33940f7c05a89e243c47e907eb4db6f1a43e5", size = 113555, upload-time = "2026-07-02T08:40:05.92Z" }
wheels = [
    { url = "https://files.pythonhosted.org/packages/49/d3/b8441a820a491ddfc024b0b0cf0393375b75ea13866d9c66727e54c2fc80/typing_extensions-4.16.0-py3-none-any.whl", hash = "sha256:481caa481374e813c1b176ada14e97f1f67a4539ce9cfeb3f350d78d6370c2e8", size = 45571, upload-time = "2026-07-02T08:40:04.659Z" },
]

[[package]]
name = "typing-inspection"
version = "0.4.4"
source = { registry = "https://pypi.org/simple" }
dependencies = [
    { name = "typing-extensions" },
]
sdist = { url = "https://files.pythonhosted.org/packages/a3/26/b09b8010994eccc3c09092e6b34058f36a460eea2d4c3e8b910c695975a0/typing_inspection-0.4.4.tar.gz", hash = "sha256:547274fa6b0a561ccf549cc9524b999a578e737d015d8709d021f9d0d13bea47", size = 76928, upload-time = "2026-08-12T12:37:25.997Z" }
wheels = [
    { url = "https://files.pythonhosted.org/packages/67/81/4add07e5172b7ac40d8ed5ff580409a7801a4fe26d529bdd915401dabfbe/typing_inspection-0.4.4-py3-none-any.whl", hash = "sha256:65b8397ba37ccbce054456aaccddfc91e6e3083c92824df348d96ca832f3f147", size = 14750, upload-time = "2026-08-12T12:37:24.648Z" },
]
